// !$*UTF8*$!
{
	archiveVersion = 1;
	classes = {
	};
	objectVersion = 45;
	objects = {

/* Begin PBXBuildFile section */
		DC0EFB3E121D57B000DB1ACF /* NSMutableURLRequest+Parameters.h in Headers */ = {isa = PBXBuildFile; fileRef = DC0EFB10121D57B000DB1ACF /* NSMutableURLRequest+Parameters.h */; settings = {ATTRIBUTES = (); }; };
		DC0EFB3F121D57B000DB1ACF /* NSMutableURLRequest+Parameters.m in Sources */ = {isa = PBXBuildFile; fileRef = DC0EFB11121D57B000DB1ACF /* NSMutableURLRequest+Parameters.m */; };
		DC0EFB42121D57B000DB1ACF /* NSString+URLEncoding.h in Headers */ = {isa = PBXBuildFile; fileRef = DC0EFB14121D57B000DB1ACF /* NSString+URLEncoding.h */; settings = {ATTRIBUTES = (); }; };
		DC0EFB43121D57B000DB1ACF /* NSString+URLEncoding.m in Sources */ = {isa = PBXBuildFile; fileRef = DC0EFB15121D57B000DB1ACF /* NSString+URLEncoding.m */; };
		DC0EFB46121D57B000DB1ACF /* NSURL+Base.h in Headers */ = {isa = PBXBuildFile; fileRef = DC0EFB18121D57B000DB1ACF /* NSURL+Base.h */; settings = {ATTRIBUTES = (); }; };
		DC0EFB47121D57B000DB1ACF /* NSURL+Base.m in Sources */ = {isa = PBXBuildFile; fileRef = DC0EFB19121D57B000DB1ACF /* NSURL+Base.m */; };
		DC0EFB4A121D57B000DB1ACF /* OAConsumer.h in Headers */ = {isa = PBXBuildFile; fileRef = DC0EFB1C121D57B000DB1ACF /* OAConsumer.h */; settings = {ATTRIBUTES = (Public, ); }; };
		DC0EFB4B121D57B000DB1ACF /* OAConsumer.m in Sources */ = {isa = PBXBuildFile; fileRef = DC0EFB1D121D57B000DB1ACF /* OAConsumer.m */; };
		DC0EFB4E121D57B000DB1ACF /* OADataFetcher.h in Headers */ = {isa = PBXBuildFile; fileRef = DC0EFB20121D57B000DB1ACF /* OADataFetcher.h */; settings = {ATTRIBUTES = (); }; };
		DC0EFB4F121D57B000DB1ACF /* OADataFetcher.m in Sources */ = {isa = PBXBuildFile; fileRef = DC0EFB21121D57B000DB1ACF /* OADataFetcher.m */; };
		DC0EFB52121D57B000DB1ACF /* OAHMAC_SHA1SignatureProvider.h in Headers */ = {isa = PBXBuildFile; fileRef = DC0EFB24121D57B000DB1ACF /* OAHMAC_SHA1SignatureProvider.h */; settings = {ATTRIBUTES = (); }; };
		DC0EFB53121D57B000DB1ACF /* OAHMAC_SHA1SignatureProvider.m in Sources */ = {isa = PBXBuildFile; fileRef = DC0EFB25121D57B000DB1ACF /* OAHMAC_SHA1SignatureProvider.m */; };
		DC0EFB56121D57B000DB1ACF /* OAMutableURLRequest.h in Headers */ = {isa = PBXBuildFile; fileRef = DC0EFB28121D57B000DB1ACF /* OAMutableURLRequest.h */; settings = {ATTRIBUTES = (); }; };
		DC0EFB57121D57B000DB1ACF /* OAMutableURLRequest.m in Sources */ = {isa = PBXBuildFile; fileRef = DC0EFB29121D57B000DB1ACF /* OAMutableURLRequest.m */; };
		DC0EFB5A121D57B000DB1ACF /* OAPlaintextSignatureProvider.h in Headers */ = {isa = PBXBuildFile; fileRef = DC0EFB2C121D57B000DB1ACF /* OAPlaintextSignatureProvider.h */; settings = {ATTRIBUTES = (); }; };
		DC0EFB5B121D57B000DB1ACF /* OAPlaintextSignatureProvider.m in Sources */ = {isa = PBXBuildFile; fileRef = DC0EFB2D121D57B000DB1ACF /* OAPlaintextSignatureProvider.m */; };
		DC0EFB5E121D57B000DB1ACF /* OARequestParameter.h in Headers */ = {isa = PBXBuildFile; fileRef = DC0EFB30121D57B000DB1ACF /* OARequestParameter.h */; settings = {ATTRIBUTES = (); }; };
		DC0EFB5F121D57B000DB1ACF /* OARequestParameter.m in Sources */ = {isa = PBXBuildFile; fileRef = DC0EFB31121D57B000DB1ACF /* OARequestParameter.m */; };
		DC0EFB62121D57B000DB1ACF /* OAServiceTicket.h in Headers */ = {isa = PBXBuildFile; fileRef = DC0EFB34121D57B000DB1ACF /* OAServiceTicket.h */; settings = {ATTRIBUTES = (); }; };
		DC0EFB63121D57B000DB1ACF /* OAServiceTicket.m in Sources */ = {isa = PBXBuildFile; fileRef = DC0EFB35121D57B000DB1ACF /* OAServiceTicket.m */; };
		DC0EFB64121D57B000DB1ACF /* OASignatureProviding.h in Headers */ = {isa = PBXBuildFile; fileRef = DC0EFB36121D57B000DB1ACF /* OASignatureProviding.h */; settings = {ATTRIBUTES = (); }; };
		DC0EFB68121D57B000DB1ACF /* OAToken.h in Headers */ = {isa = PBXBuildFile; fileRef = DC0EFB3A121D57B000DB1ACF /* OAToken.h */; settings = {ATTRIBUTES = (Public, ); }; };
		DC0EFB69121D57B000DB1ACF /* OAToken.m in Sources */ = {isa = PBXBuildFile; fileRef = DC0EFB3B121D57B000DB1ACF /* OAToken.m */; };
		DC0EFB7E121D583A00DB1ACF /* Security.framework in Frameworks */ = {isa = PBXBuildFile; fileRef = DC0EFB7D121D583A00DB1ACF /* Security.framework */; };
		DC0EFB85121D597C00DB1ACF /* FLToken.h in Headers */ = {isa = PBXBuildFile; fileRef = DC0EFB83121D597C00DB1ACF /* FLToken.h */; settings = {ATTRIBUTES = (Public, ); }; };
		DC0EFB86121D597C00DB1ACF /* FLToken.m in Sources */ = {isa = PBXBuildFile; fileRef = DC0EFB84121D597C00DB1ACF /* FLToken.m */; };
		DC0EFBCA121D5E7700DB1ACF /* FLResponse.h in Headers */ = {isa = PBXBuildFile; fileRef = DC0EFBC8121D5E7700DB1ACF /* FLResponse.h */; settings = {ATTRIBUTES = (Public, ); }; };
		DC0EFBCB121D5E7700DB1ACF /* FLResponse.m in Sources */ = {isa = PBXBuildFile; fileRef = DC0EFBC9121D5E7700DB1ACF /* FLResponse.m */; };
		DC1B61B3121D645D00AC5C04 /* FLDataFetcher.h in Headers */ = {isa = PBXBuildFile; fileRef = DC1B61B1121D645D00AC5C04 /* FLDataFetcher.h */; settings = {ATTRIBUTES = (Public, ); }; };
		DC1B61B4121D645D00AC5C04 /* FLDataFetcher.m in Sources */ = {isa = PBXBuildFile; fileRef = DC1B61B2121D645D00AC5C04 /* FLDataFetcher.m */; };
		DC399526121EBF0E00137664 /* NSURL+Format.h in Headers */ = {isa = PBXBuildFile; fileRef = DC399524121EBF0E00137664 /* NSURL+Format.h */; };
		DC399527121EBF0E00137664 /* NSURL+Format.m in Sources */ = {isa = PBXBuildFile; fileRef = DC399525121EBF0E00137664 /* NSURL+Format.m */; };
		DC39952C121EC0C400137664 /* FLThingListByUser.h in Headers */ = {isa = PBXBuildFile; fileRef = DC39952A121EC0C400137664 /* FLThingListByUser.h */; };
		DC39952D121EC0C400137664 /* FLThingListByUser.m in Sources */ = {isa = PBXBuildFile; fileRef = DC39952B121EC0C400137664 /* FLThingListByUser.m */; };
		DC39CBC4121D855100717532 /* NSData+Base64.h in Headers */ = {isa = PBXBuildFile; fileRef = DC39CBC2121D855100717532 /* NSData+Base64.h */; settings = {ATTRIBUTES = (); }; };
		DC39CBC5121D855100717532 /* NSData+Base64.m in Sources */ = {isa = PBXBuildFile; fileRef = DC39CBC3121D855100717532 /* NSData+Base64.m */; };
		DC39CBCE121D856C00717532 /* NSString+Crypto.m in Sources */ = {isa = PBXBuildFile; fileRef = DC39CBBC121D844900717532 /* NSString+Crypto.m */; };
		DC451F32121DDD8800FAB501 /* FLCommon.h in Headers */ = {isa = PBXBuildFile; fileRef = DC451F30121DDD8800FAB501 /* FLCommon.h */; settings = {ATTRIBUTES = (Public, ); }; };
		DC451F33121DDD8800FAB501 /* FLCommon.m in Sources */ = {isa = PBXBuildFile; fileRef = DC451F31121DDD8800FAB501 /* FLCommon.m */; };
		DC451F36121DDDD300FAB501 /* Flattr.h in Headers */ = {isa = PBXBuildFile; fileRef = DC451F34121DDDD300FAB501 /* Flattr.h */; settings = {ATTRIBUTES = (Public, ); }; };
		DC6BE6DD121DC058006D9BC6 /* InfoPlist.strings in Resources */ = {isa = PBXBuildFile; fileRef = DC6BE6DB121DC058006D9BC6 /* InfoPlist.strings */; };
		DC85E005121D9B42001B25FA /* Cocoa.framework in Frameworks */ = {isa = PBXBuildFile; fileRef = DC85E004121D9B42001B25FA /* Cocoa.framework */; };
		DCCE384B121E732D0062145F /* FLMethod.h in Headers */ = {isa = PBXBuildFile; fileRef = DCCE3849121E732D0062145F /* FLMethod.h */; settings = {ATTRIBUTES = (Public, ); }; };
		DCCE384C121E732D0062145F /* FLMethod.m in Sources */ = {isa = PBXBuildFile; fileRef = DCCE384A121E732D0062145F /* FLMethod.m */; };
		DCCE3857121E78560062145F /* FLThingClick.h in Headers */ = {isa = PBXBuildFile; fileRef = DCCE3855121E78560062145F /* FLThingClick.h */; settings = {ATTRIBUTES = (Public, ); }; };
		DCCE3858121E78560062145F /* FLThingClick.m in Sources */ = {isa = PBXBuildFile; fileRef = DCCE3856121E78560062145F /* FLThingClick.m */; };
		DCCE3879121E82A30062145F /* NSError+Ext.h in Headers */ = {isa = PBXBuildFile; fileRef = DCCE3877121E82A30062145F /* NSError+Ext.h */; settings = {ATTRIBUTES = (); }; };
		DCCE387A121E82A30062145F /* NSError+Ext.m in Sources */ = {isa = PBXBuildFile; fileRef = DCCE3878121E82A30062145F /* NSError+Ext.m */; };
/* End PBXBuildFile section */

/* Begin PBXFileReference section */
		0867D69BFE84028FC02AAC07 /* Foundation.framework */ = {isa = PBXFileReference; lastKnownFileType = wrapper.framework; name = Foundation.framework; path = /System/Library/Frameworks/Foundation.framework; sourceTree = "<absolute>"; };
		0867D6A5FE840307C02AAC07 /* AppKit.framework */ = {isa = PBXFileReference; lastKnownFileType = wrapper.framework; name = AppKit.framework; path = /System/Library/Frameworks/AppKit.framework; sourceTree = "<absolute>"; };
		32DBCF5E0370ADEE00C91783 /* Flattr_Prefix.pch */ = {isa = PBXFileReference; fileEncoding = 4; lastKnownFileType = sourcecode.c.h; path = Flattr_Prefix.pch; sourceTree = "<group>"; };
		8DC2EF5B0486A6940098B216 /* Flattr.framework */ = {isa = PBXFileReference; explicitFileType = wrapper.framework; includeInIndex = 0; path = Flattr.framework; sourceTree = BUILT_PRODUCTS_DIR; };
		D2F7E79907B2D74100F64583 /* CoreData.framework */ = {isa = PBXFileReference; lastKnownFileType = wrapper.framework; name = CoreData.framework; path = /System/Library/Frameworks/CoreData.framework; sourceTree = "<absolute>"; };
		DC0EFB10121D57B000DB1ACF /* NSMutableURLRequest+Parameters.h */ = {isa = PBXFileReference; fileEncoding = 4; lastKnownFileType = sourcecode.c.h; name = "NSMutableURLRequest+Parameters.h"; path = "../../OAuth/src/NSMutableURLRequest+Parameters.h"; sourceTree = SOURCE_ROOT; };
		DC0EFB11121D57B000DB1ACF /* NSMutableURLRequest+Parameters.m */ = {isa = PBXFileReference; fileEncoding = 4; lastKnownFileType = sourcecode.c.objc; name = "NSMutableURLRequest+Parameters.m"; path = "../../OAuth/src/NSMutableURLRequest+Parameters.m"; sourceTree = SOURCE_ROOT; };
		DC0EFB14121D57B000DB1ACF /* NSString+URLEncoding.h */ = {isa = PBXFileReference; fileEncoding = 4; lastKnownFileType = sourcecode.c.h; name = "NSString+URLEncoding.h"; path = "../../OAuth/src/NSString+URLEncoding.h"; sourceTree = SOURCE_ROOT; };
		DC0EFB15121D57B000DB1ACF /* NSString+URLEncoding.m */ = {isa = PBXFileReference; fileEncoding = 4; lastKnownFileType = sourcecode.c.objc; name = "NSString+URLEncoding.m"; path = "../../OAuth/src/NSString+URLEncoding.m"; sourceTree = SOURCE_ROOT; };
		DC0EFB18121D57B000DB1ACF /* NSURL+Base.h */ = {isa = PBXFileReference; fileEncoding = 4; lastKnownFileType = sourcecode.c.h; name = "NSURL+Base.h"; path = "../../OAuth/src/NSURL+Base.h"; sourceTree = SOURCE_ROOT; };
		DC0EFB19121D57B000DB1ACF /* NSURL+Base.m */ = {isa = PBXFileReference; fileEncoding = 4; lastKnownFileType = sourcecode.c.objc; name = "NSURL+Base.m"; path = "../../OAuth/src/NSURL+Base.m"; sourceTree = SOURCE_ROOT; };
		DC0EFB1C121D57B000DB1ACF /* OAConsumer.h */ = {isa = PBXFileReference; fileEncoding = 4; lastKnownFileType = sourcecode.c.h; name = OAConsumer.h; path = ../../OAuth/src/OAConsumer.h; sourceTree = SOURCE_ROOT; };
		DC0EFB1D121D57B000DB1ACF /* OAConsumer.m */ = {isa = PBXFileReference; fileEncoding = 4; lastKnownFileType = sourcecode.c.objc; name = OAConsumer.m; path = ../../OAuth/src/OAConsumer.m; sourceTree = SOURCE_ROOT; };
		DC0EFB20121D57B000DB1ACF /* OADataFetcher.h */ = {isa = PBXFileReference; fileEncoding = 4; lastKnownFileType = sourcecode.c.h; name = OADataFetcher.h; path = ../../OAuth/src/OADataFetcher.h; sourceTree = SOURCE_ROOT; };
		DC0EFB21121D57B000DB1ACF /* OADataFetcher.m */ = {isa = PBXFileReference; fileEncoding = 4; lastKnownFileType = sourcecode.c.objc; name = OADataFetcher.m; path = ../../OAuth/src/OADataFetcher.m; sourceTree = SOURCE_ROOT; };
		DC0EFB24121D57B000DB1ACF /* OAHMAC_SHA1SignatureProvider.h */ = {isa = PBXFileReference; fileEncoding = 4; lastKnownFileType = sourcecode.c.h; name = OAHMAC_SHA1SignatureProvider.h; path = ../../OAuth/src/OAHMAC_SHA1SignatureProvider.h; sourceTree = SOURCE_ROOT; };
		DC0EFB25121D57B000DB1ACF /* OAHMAC_SHA1SignatureProvider.m */ = {isa = PBXFileReference; fileEncoding = 4; lastKnownFileType = sourcecode.c.objc; name = OAHMAC_SHA1SignatureProvider.m; path = ../../OAuth/src/OAHMAC_SHA1SignatureProvider.m; sourceTree = SOURCE_ROOT; };
		DC0EFB28121D57B000DB1ACF /* OAMutableURLRequest.h */ = {isa = PBXFileReference; fileEncoding = 4; lastKnownFileType = sourcecode.c.h; name = OAMutableURLRequest.h; path = ../../OAuth/src/OAMutableURLRequest.h; sourceTree = SOURCE_ROOT; };
		DC0EFB29121D57B000DB1ACF /* OAMutableURLRequest.m */ = {isa = PBXFileReference; fileEncoding = 4; lastKnownFileType = sourcecode.c.objc; name = OAMutableURLRequest.m; path = ../../OAuth/src/OAMutableURLRequest.m; sourceTree = SOURCE_ROOT; };
		DC0EFB2C121D57B000DB1ACF /* OAPlaintextSignatureProvider.h */ = {isa = PBXFileReference; fileEncoding = 4; lastKnownFileType = sourcecode.c.h; name = OAPlaintextSignatureProvider.h; path = ../../OAuth/src/OAPlaintextSignatureProvider.h; sourceTree = SOURCE_ROOT; };
		DC0EFB2D121D57B000DB1ACF /* OAPlaintextSignatureProvider.m */ = {isa = PBXFileReference; fileEncoding = 4; lastKnownFileType = sourcecode.c.objc; name = OAPlaintextSignatureProvider.m; path = ../../OAuth/src/OAPlaintextSignatureProvider.m; sourceTree = SOURCE_ROOT; };
		DC0EFB30121D57B000DB1ACF /* OARequestParameter.h */ = {isa = PBXFileReference; fileEncoding = 4; lastKnownFileType = sourcecode.c.h; name = OARequestParameter.h; path = ../../OAuth/src/OARequestParameter.h; sourceTree = SOURCE_ROOT; };
		DC0EFB31121D57B000DB1ACF /* OARequestParameter.m */ = {isa = PBXFileReference; fileEncoding = 4; lastKnownFileType = sourcecode.c.objc; name = OARequestParameter.m; path = ../../OAuth/src/OARequestParameter.m; sourceTree = SOURCE_ROOT; };
		DC0EFB34121D57B000DB1ACF /* OAServiceTicket.h */ = {isa = PBXFileReference; fileEncoding = 4; lastKnownFileType = sourcecode.c.h; name = OAServiceTicket.h; path = ../../OAuth/src/OAServiceTicket.h; sourceTree = SOURCE_ROOT; };
		DC0EFB35121D57B000DB1ACF /* OAServiceTicket.m */ = {isa = PBXFileReference; fileEncoding = 4; lastKnownFileType = sourcecode.c.objc; name = OAServiceTicket.m; path = ../../OAuth/src/OAServiceTicket.m; sourceTree = SOURCE_ROOT; };
		DC0EFB36121D57B000DB1ACF /* OASignatureProviding.h */ = {isa = PBXFileReference; fileEncoding = 4; lastKnownFileType = sourcecode.c.h; name = OASignatureProviding.h; path = ../../OAuth/src/OASignatureProviding.h; sourceTree = SOURCE_ROOT; };
		DC0EFB3A121D57B000DB1ACF /* OAToken.h */ = {isa = PBXFileReference; fileEncoding = 4; lastKnownFileType = sourcecode.c.h; name = OAToken.h; path = ../../OAuth/src/OAToken.h; sourceTree = SOURCE_ROOT; };
		DC0EFB3B121D57B000DB1ACF /* OAToken.m */ = {isa = PBXFileReference; fileEncoding = 4; lastKnownFileType = sourcecode.c.objc; name = OAToken.m; path = ../../OAuth/src/OAToken.m; sourceTree = SOURCE_ROOT; };
		DC0EFB7D121D583A00DB1ACF /* Security.framework */ = {isa = PBXFileReference; lastKnownFileType = wrapper.framework; name = Security.framework; path = System/Library/Frameworks/Security.framework; sourceTree = SDKROOT; };
		DC0EFB83121D597C00DB1ACF /* FLToken.h */ = {isa = PBXFileReference; fileEncoding = 4; lastKnownFileType = sourcecode.c.h; name = FLToken.h; path = ../../src/FLToken.h; sourceTree = SOURCE_ROOT; };
		DC0EFB84121D597C00DB1ACF /* FLToken.m */ = {isa = PBXFileReference; fileEncoding = 4; lastKnownFileType = sourcecode.c.objc; name = FLToken.m; path = ../../src/FLToken.m; sourceTree = SOURCE_ROOT; };
		DC0EFBC8121D5E7700DB1ACF /* FLResponse.h */ = {isa = PBXFileReference; fileEncoding = 4; lastKnownFileType = sourcecode.c.h; name = FLResponse.h; path = ../../src/FLResponse.h; sourceTree = SOURCE_ROOT; };
		DC0EFBC9121D5E7700DB1ACF /* FLResponse.m */ = {isa = PBXFileReference; fileEncoding = 4; lastKnownFileType = sourcecode.c.objc; name = FLResponse.m; path = ../../src/FLResponse.m; sourceTree = SOURCE_ROOT; };
		DC1B61B1121D645D00AC5C04 /* FLDataFetcher.h */ = {isa = PBXFileReference; fileEncoding = 4; lastKnownFileType = sourcecode.c.h; name = FLDataFetcher.h; path = ../../src/FLDataFetcher.h; sourceTree = SOURCE_ROOT; };
		DC1B61B2121D645D00AC5C04 /* FLDataFetcher.m */ = {isa = PBXFileReference; fileEncoding = 4; lastKnownFileType = sourcecode.c.objc; name = FLDataFetcher.m; path = ../../src/FLDataFetcher.m; sourceTree = SOURCE_ROOT; };
		DC399524121EBF0E00137664 /* NSURL+Format.h */ = {isa = PBXFileReference; fileEncoding = 4; lastKnownFileType = sourcecode.c.h; path = "NSURL+Format.h"; sourceTree = "<group>"; };
		DC399525121EBF0E00137664 /* NSURL+Format.m */ = {isa = PBXFileReference; fileEncoding = 4; lastKnownFileType = sourcecode.c.objc; path = "NSURL+Format.m"; sourceTree = "<group>"; };
		DC39952A121EC0C400137664 /* FLThingListByUser.h */ = {isa = PBXFileReference; fileEncoding = 4; lastKnownFileType = sourcecode.c.h; path = FLThingListByUser.h; sourceTree = "<group>"; };
		DC39952B121EC0C400137664 /* FLThingListByUser.m */ = {isa = PBXFileReference; fileEncoding = 4; lastKnownFileType = sourcecode.c.objc; path = FLThingListByUser.m; sourceTree = "<group>"; };
		DC39CBBB121D844900717532 /* NSString+Crypto.h */ = {isa = PBXFileReference; fileEncoding = 4; lastKnownFileType = sourcecode.c.h; name = "NSString+Crypto.h"; path = "../../OAuth/src/NSString+Crypto.h"; sourceTree = SOURCE_ROOT; };
		DC39CBBC121D844900717532 /* NSString+Crypto.m */ = {isa = PBXFileReference; fileEncoding = 4; lastKnownFileType = sourcecode.c.objc; name = "NSString+Crypto.m"; path = "../../OAuth/src/NSString+Crypto.m"; sourceTree = SOURCE_ROOT; };
		DC39CBC2121D855100717532 /* NSData+Base64.h */ = {isa = PBXFileReference; fileEncoding = 4; lastKnownFileType = sourcecode.c.h; name = "NSData+Base64.h"; path = "../../OAuth/src/NSData+Base64.h"; sourceTree = SOURCE_ROOT; };
		DC39CBC3121D855100717532 /* NSData+Base64.m */ = {isa = PBXFileReference; fileEncoding = 4; lastKnownFileType = sourcecode.c.objc; name = "NSData+Base64.m"; path = "../../OAuth/src/NSData+Base64.m"; sourceTree = SOURCE_ROOT; };
		DC451F30121DDD8800FAB501 /* FLCommon.h */ = {isa = PBXFileReference; fileEncoding = 4; lastKnownFileType = sourcecode.c.h; path = FLCommon.h; sourceTree = "<group>"; };
		DC451F31121DDD8800FAB501 /* FLCommon.m */ = {isa = PBXFileReference; fileEncoding = 4; lastKnownFileType = sourcecode.c.objc; path = FLCommon.m; sourceTree = "<group>"; };
		DC451F34121DDDD300FAB501 /* Flattr.h */ = {isa = PBXFileReference; fileEncoding = 4; lastKnownFileType = sourcecode.c.h; path = Flattr.h; sourceTree = "<group>"; };
		DC6BE6B5121DBFAB006D9BC6 /* Info.plist */ = {isa = PBXFileReference; fileEncoding = 4; lastKnownFileType = text.plist.xml; name = Info.plist; path = ../../res/Info.plist; sourceTree = SOURCE_ROOT; };
		DC6BE6DC121DC058006D9BC6 /* English */ = {isa = PBXFileReference; fileEncoding = 4; lastKnownFileType = text.plist.strings; name = English; path = ../../res/English.lproj/InfoPlist.strings; sourceTree = SOURCE_ROOT; };
		DC85E004121D9B42001B25FA /* Cocoa.framework */ = {isa = PBXFileReference; lastKnownFileType = wrapper.framework; name = Cocoa.framework; path = System/Library/Frameworks/Cocoa.framework; sourceTree = SDKROOT; };
		DCCE3849121E732D0062145F /* FLMethod.h */ = {isa = PBXFileReference; fileEncoding = 4; lastKnownFileType = sourcecode.c.h; path = FLMethod.h; sourceTree = "<group>"; };
		DCCE384A121E732D0062145F /* FLMethod.m */ = {isa = PBXFileReference; fileEncoding = 4; lastKnownFileType = sourcecode.c.objc; path = FLMethod.m; sourceTree = "<group>"; };
		DCCE3855121E78560062145F /* FLThingClick.h */ = {isa = PBXFileReference; fileEncoding = 4; lastKnownFileType = sourcecode.c.h; path = FLThingClick.h; sourceTree = "<group>"; };
		DCCE3856121E78560062145F /* FLThingClick.m */ = {isa = PBXFileReference; fileEncoding = 4; lastKnownFileType = sourcecode.c.objc; path = FLThingClick.m; sourceTree = "<group>"; };
		DCCE3877121E82A30062145F /* NSError+Ext.h */ = {isa = PBXFileReference; fileEncoding = 4; lastKnownFileType = sourcecode.c.h; path = "NSError+Ext.h"; sourceTree = "<group>"; };
		DCCE3878121E82A30062145F /* NSError+Ext.m */ = {isa = PBXFileReference; fileEncoding = 4; lastKnownFileType = sourcecode.c.objc; path = "NSError+Ext.m"; sourceTree = "<group>"; };
/* End PBXFileReference section */

/* Begin PBXFrameworksBuildPhase section */
		8DC2EF560486A6940098B216 /* Frameworks */ = {
			isa = PBXFrameworksBuildPhase;
			buildActionMask = 2147483647;
			files = (
				DC0EFB7E121D583A00DB1ACF /* Security.framework in Frameworks */,
				DC85E005121D9B42001B25FA /* Cocoa.framework in Frameworks */,
			);
			runOnlyForDeploymentPostprocessing = 0;
		};
/* End PBXFrameworksBuildPhase section */

/* Begin PBXGroup section */
		034768DFFF38A50411DB9C8B /* Products */ = {
			isa = PBXGroup;
			children = (
				8DC2EF5B0486A6940098B216 /* Flattr.framework */,
			);
			name = Products;
			sourceTree = "<group>";
		};
		0867D691FE84028FC02AAC07 /* Flattr */ = {
			isa = PBXGroup;
			children = (
				08FB77AEFE84172EC02AAC07 /* Classes */,
				DCCE3876121E82930062145F /* Categories */,
				DC0EFB0F121D574D00DB1ACF /* OAuth */,
				32C88DFF0371C24200C91783 /* Other Sources */,
				089C1665FE841158C02AAC07 /* Resources */,
				0867D69AFE84028FC02AAC07 /* External Frameworks and Libraries */,
				034768DFFF38A50411DB9C8B /* Products */,
			);
			name = Flattr;
			sourceTree = "<group>";
		};
		0867D69AFE84028FC02AAC07 /* External Frameworks and Libraries */ = {
			isa = PBXGroup;
			children = (
				1058C7B0FEA5585E11CA2CBB /* Linked Frameworks */,
				1058C7B2FEA5585E11CA2CBB /* Other Frameworks */,
			);
			name = "External Frameworks and Libraries";
			sourceTree = "<group>";
		};
		089C1665FE841158C02AAC07 /* Resources */ = {
			isa = PBXGroup;
			children = (
				DC6BE6DB121DC058006D9BC6 /* InfoPlist.strings */,
				DC6BE6B5121DBFAB006D9BC6 /* Info.plist */,
			);
			name = Resources;
			sourceTree = "<group>";
		};
		08FB77AEFE84172EC02AAC07 /* Classes */ = {
			isa = PBXGroup;
			children = (
				DC451F34121DDDD300FAB501 /* Flattr.h */,
				DC0EFB83121D597C00DB1ACF /* FLToken.h */,
				DC0EFB84121D597C00DB1ACF /* FLToken.m */,
				DC0EFBC8121D5E7700DB1ACF /* FLResponse.h */,
				DC0EFBC9121D5E7700DB1ACF /* FLResponse.m */,
				DC1B61B1121D645D00AC5C04 /* FLDataFetcher.h */,
				DC1B61B2121D645D00AC5C04 /* FLDataFetcher.m */,
				DC451F30121DDD8800FAB501 /* FLCommon.h */,
				DC451F31121DDD8800FAB501 /* FLCommon.m */,
				DCCE3844121E72E90062145F /* Methods */,
			);
			name = Classes;
			sourceTree = "<group>";
		};
		1058C7B0FEA5585E11CA2CBB /* Linked Frameworks */ = {
			isa = PBXGroup;
			children = (
				DC0EFB7D121D583A00DB1ACF /* Security.framework */,
				DC85E004121D9B42001B25FA /* Cocoa.framework */,
			);
			name = "Linked Frameworks";
			sourceTree = "<group>";
		};
		1058C7B2FEA5585E11CA2CBB /* Other Frameworks */ = {
			isa = PBXGroup;
			children = (
				0867D6A5FE840307C02AAC07 /* AppKit.framework */,
				D2F7E79907B2D74100F64583 /* CoreData.framework */,
				0867D69BFE84028FC02AAC07 /* Foundation.framework */,
			);
			name = "Other Frameworks";
			sourceTree = "<group>";
		};
		32C88DFF0371C24200C91783 /* Other Sources */ = {
			isa = PBXGroup;
			children = (
				32DBCF5E0370ADEE00C91783 /* Flattr_Prefix.pch */,
			);
			name = "Other Sources";
			sourceTree = "<group>";
		};
		DC0EFB0F121D574D00DB1ACF /* OAuth */ = {
			isa = PBXGroup;
			children = (
				DC39CBBA121D843000717532 /* Extension Categories */,
				DC0EFB10121D57B000DB1ACF /* NSMutableURLRequest+Parameters.h */,
				DC0EFB11121D57B000DB1ACF /* NSMutableURLRequest+Parameters.m */,
				DC0EFB14121D57B000DB1ACF /* NSString+URLEncoding.h */,
				DC0EFB15121D57B000DB1ACF /* NSString+URLEncoding.m */,
				DC0EFB18121D57B000DB1ACF /* NSURL+Base.h */,
				DC0EFB19121D57B000DB1ACF /* NSURL+Base.m */,
				DC0EFB1C121D57B000DB1ACF /* OAConsumer.h */,
				DC0EFB1D121D57B000DB1ACF /* OAConsumer.m */,
				DC0EFB20121D57B000DB1ACF /* OADataFetcher.h */,
				DC0EFB21121D57B000DB1ACF /* OADataFetcher.m */,
				DC0EFB24121D57B000DB1ACF /* OAHMAC_SHA1SignatureProvider.h */,
				DC0EFB25121D57B000DB1ACF /* OAHMAC_SHA1SignatureProvider.m */,
				DC0EFB28121D57B000DB1ACF /* OAMutableURLRequest.h */,
				DC0EFB29121D57B000DB1ACF /* OAMutableURLRequest.m */,
				DC0EFB2C121D57B000DB1ACF /* OAPlaintextSignatureProvider.h */,
				DC0EFB2D121D57B000DB1ACF /* OAPlaintextSignatureProvider.m */,
				DC0EFB30121D57B000DB1ACF /* OARequestParameter.h */,
				DC0EFB31121D57B000DB1ACF /* OARequestParameter.m */,
				DC0EFB34121D57B000DB1ACF /* OAServiceTicket.h */,
				DC0EFB35121D57B000DB1ACF /* OAServiceTicket.m */,
				DC0EFB36121D57B000DB1ACF /* OASignatureProviding.h */,
				DC0EFB3A121D57B000DB1ACF /* OAToken.h */,
				DC0EFB3B121D57B000DB1ACF /* OAToken.m */,
			);
			name = OAuth;
			sourceTree = "<group>";
		};
		DC39CBBA121D843000717532 /* Extension Categories */ = {
			isa = PBXGroup;
			children = (
				DC39CBBB121D844900717532 /* NSString+Crypto.h */,
				DC39CBBC121D844900717532 /* NSString+Crypto.m */,
				DC39CBC2121D855100717532 /* NSData+Base64.h */,
				DC39CBC3121D855100717532 /* NSData+Base64.m */,
			);
			name = "Extension Categories";
			sourceTree = "<group>";
		};
		DCCE3844121E72E90062145F /* Methods */ = {
			isa = PBXGroup;
			children = (
				DCCE3849121E732D0062145F /* FLMethod.h */,
				DCCE384A121E732D0062145F /* FLMethod.m */,
				DCCE3855121E78560062145F /* FLThingClick.h */,
				DCCE3856121E78560062145F /* FLThingClick.m */,
				DC39952A121EC0C400137664 /* FLThingListByUser.h */,
				DC39952B121EC0C400137664 /* FLThingListByUser.m */,
			);
			name = Methods;
			sourceTree = "<group>";
		};
		DCCE3876121E82930062145F /* Categories */ = {
			isa = PBXGroup;
			children = (
				DCCE3877121E82A30062145F /* NSError+Ext.h */,
				DCCE3878121E82A30062145F /* NSError+Ext.m */,
				DC399524121EBF0E00137664 /* NSURL+Format.h */,
				DC399525121EBF0E00137664 /* NSURL+Format.m */,
			);
			name = Categories;
			sourceTree = "<group>";
		};
/* End PBXGroup section */

/* Begin PBXHeadersBuildPhase section */
		8DC2EF500486A6940098B216 /* Headers */ = {
			isa = PBXHeadersBuildPhase;
			buildActionMask = 2147483647;
			files = (
				DC0EFB3E121D57B000DB1ACF /* NSMutableURLRequest+Parameters.h in Headers */,
				DC0EFB42121D57B000DB1ACF /* NSString+URLEncoding.h in Headers */,
				DC0EFB46121D57B000DB1ACF /* NSURL+Base.h in Headers */,
				DC0EFB4A121D57B000DB1ACF /* OAConsumer.h in Headers */,
				DC0EFB4E121D57B000DB1ACF /* OADataFetcher.h in Headers */,
				DC0EFB52121D57B000DB1ACF /* OAHMAC_SHA1SignatureProvider.h in Headers */,
				DC0EFB56121D57B000DB1ACF /* OAMutableURLRequest.h in Headers */,
				DC0EFB5A121D57B000DB1ACF /* OAPlaintextSignatureProvider.h in Headers */,
				DC0EFB5E121D57B000DB1ACF /* OARequestParameter.h in Headers */,
				DC0EFB62121D57B000DB1ACF /* OAServiceTicket.h in Headers */,
				DC0EFB64121D57B000DB1ACF /* OASignatureProviding.h in Headers */,
				DC0EFB68121D57B000DB1ACF /* OAToken.h in Headers */,
				DC0EFB85121D597C00DB1ACF /* FLToken.h in Headers */,
				DC0EFBCA121D5E7700DB1ACF /* FLResponse.h in Headers */,
				DC1B61B3121D645D00AC5C04 /* FLDataFetcher.h in Headers */,
				DC39CBC4121D855100717532 /* NSData+Base64.h in Headers */,
				DC451F32121DDD8800FAB501 /* FLCommon.h in Headers */,
				DC451F36121DDDD300FAB501 /* Flattr.h in Headers */,
				DCCE384B121E732D0062145F /* FLMethod.h in Headers */,
				DCCE3857121E78560062145F /* FLThingClick.h in Headers */,
				DCCE3879121E82A30062145F /* NSError+Ext.h in Headers */,
				DC399526121EBF0E00137664 /* NSURL+Format.h in Headers */,
				DC39952C121EC0C400137664 /* FLThingListByUser.h in Headers */,
			);
			runOnlyForDeploymentPostprocessing = 0;
		};
/* End PBXHeadersBuildPhase section */

/* Begin PBXNativeTarget section */
		8DC2EF4F0486A6940098B216 /* Flattr */ = {
			isa = PBXNativeTarget;
			buildConfigurationList = 1DEB91AD08733DA50010E9CD /* Build configuration list for PBXNativeTarget "Flattr" */;
			buildPhases = (
				8DC2EF500486A6940098B216 /* Headers */,
				8DC2EF520486A6940098B216 /* Resources */,
				8DC2EF540486A6940098B216 /* Sources */,
				8DC2EF560486A6940098B216 /* Frameworks */,
			);
			buildRules = (
			);
			dependencies = (
			);
			name = Flattr;
			productInstallPath = "$(HOME)/Library/Frameworks";
			productName = Flattr;
			productReference = 8DC2EF5B0486A6940098B216 /* Flattr.framework */;
			productType = "com.apple.product-type.framework";
		};
/* End PBXNativeTarget section */

/* Begin PBXProject section */
		0867D690FE84028FC02AAC07 /* Project object */ = {
			isa = PBXProject;
			buildConfigurationList = 1DEB91B108733DA50010E9CD /* Build configuration list for PBXProject "Flattr" */;
			compatibilityVersion = "Xcode 3.1";
			hasScannedForEncodings = 1;
			mainGroup = 0867D691FE84028FC02AAC07 /* Flattr */;
			productRefGroup = 034768DFFF38A50411DB9C8B /* Products */;
			projectDirPath = "";
			projectRoot = "";
			targets = (
				8DC2EF4F0486A6940098B216 /* Flattr */,
			);
		};
/* End PBXProject section */

/* Begin PBXResourcesBuildPhase section */
		8DC2EF520486A6940098B216 /* Resources */ = {
			isa = PBXResourcesBuildPhase;
			buildActionMask = 2147483647;
			files = (
				DC6BE6DD121DC058006D9BC6 /* InfoPlist.strings in Resources */,
			);
			runOnlyForDeploymentPostprocessing = 0;
		};
/* End PBXResourcesBuildPhase section */

/* Begin PBXSourcesBuildPhase section */
		8DC2EF540486A6940098B216 /* Sources */ = {
			isa = PBXSourcesBuildPhase;
			buildActionMask = 2147483647;
			files = (
				DC0EFB3F121D57B000DB1ACF /* NSMutableURLRequest+Parameters.m in Sources */,
				DC0EFB43121D57B000DB1ACF /* NSString+URLEncoding.m in Sources */,
				DC0EFB47121D57B000DB1ACF /* NSURL+Base.m in Sources */,
				DC0EFB4B121D57B000DB1ACF /* OAConsumer.m in Sources */,
				DC0EFB4F121D57B000DB1ACF /* OADataFetcher.m in Sources */,
				DC0EFB53121D57B000DB1ACF /* OAHMAC_SHA1SignatureProvider.m in Sources */,
				DC0EFB57121D57B000DB1ACF /* OAMutableURLRequest.m in Sources */,
				DC0EFB5B121D57B000DB1ACF /* OAPlaintextSignatureProvider.m in Sources */,
				DC0EFB5F121D57B000DB1ACF /* OARequestParameter.m in Sources */,
				DC0EFB63121D57B000DB1ACF /* OAServiceTicket.m in Sources */,
				DC0EFB69121D57B000DB1ACF /* OAToken.m in Sources */,
				DC0EFB86121D597C00DB1ACF /* FLToken.m in Sources */,
				DC0EFBCB121D5E7700DB1ACF /* FLResponse.m in Sources */,
				DC1B61B4121D645D00AC5C04 /* FLDataFetcher.m in Sources */,
				DC39CBC5121D855100717532 /* NSData+Base64.m in Sources */,
				DC39CBCE121D856C00717532 /* NSString+Crypto.m in Sources */,
				DC451F33121DDD8800FAB501 /* FLCommon.m in Sources */,
				DCCE384C121E732D0062145F /* FLMethod.m in Sources */,
				DCCE3858121E78560062145F /* FLThingClick.m in Sources */,
				DCCE387A121E82A30062145F /* NSError+Ext.m in Sources */,
				DC399527121EBF0E00137664 /* NSURL+Format.m in Sources */,
				DC39952D121EC0C400137664 /* FLThingListByUser.m in Sources */,
			);
			runOnlyForDeploymentPostprocessing = 0;
		};
/* End PBXSourcesBuildPhase section */

/* Begin PBXVariantGroup section */
		DC6BE6DB121DC058006D9BC6 /* InfoPlist.strings */ = {
			isa = PBXVariantGroup;
			children = (
				DC6BE6DC121DC058006D9BC6 /* English */,
			);
			name = InfoPlist.strings;
			sourceTree = SOURCE_ROOT;
		};
/* End PBXVariantGroup section */

/* Begin XCBuildConfiguration section */
		1DEB91AE08733DA50010E9CD /* Debug */ = {
			isa = XCBuildConfiguration;
			buildSettings = {
				ALWAYS_SEARCH_USER_PATHS = NO;
				COPY_PHASE_STRIP = NO;
				DYLIB_COMPATIBILITY_VERSION = 1;
				DYLIB_CURRENT_VERSION = 1;
				FRAMEWORK_VERSION = A;
				GCC_DYNAMIC_NO_PIC = NO;
				GCC_ENABLE_FIX_AND_CONTINUE = YES;
				GCC_MODEL_TUNING = G5;
				GCC_OPTIMIZATION_LEVEL = 0;
				GCC_PRECOMPILE_PREFIX_HEADER = YES;
				GCC_PREFIX_HEADER = Flattr_Prefix.pch;
				INFOPLIST_FILE = ../../res/Info.plist;
				INSTALL_PATH = "@executable_path/../Frameworks";
				PRODUCT_NAME = Flattr;
				WRAPPER_EXTENSION = framework;
			};
			name = Debug;
		};
		1DEB91AF08733DA50010E9CD /* Release */ = {
			isa = XCBuildConfiguration;
			buildSettings = {
				ALWAYS_SEARCH_USER_PATHS = NO;
				DEBUG_INFORMATION_FORMAT = "dwarf-with-dsym";
				DYLIB_COMPATIBILITY_VERSION = 1;
				DYLIB_CURRENT_VERSION = 1;
				FRAMEWORK_VERSION = A;
				GCC_MODEL_TUNING = G5;
				GCC_PRECOMPILE_PREFIX_HEADER = YES;
				GCC_PREFIX_HEADER = Flattr_Prefix.pch;
				INFOPLIST_FILE = ../../res/Info.plist;
				INSTALL_PATH = "@executable_path/../Frameworks";
				PRODUCT_NAME = Flattr;
				WRAPPER_EXTENSION = framework;
			};
			name = Release;
		};
		1DEB91B208733DA50010E9CD /* Debug */ = {
			isa = XCBuildConfiguration;
			buildSettings = {
				ARCHS = "$(ARCHS_STANDARD_32_64_BIT)";
				GCC_C_LANGUAGE_STANDARD = gnu99;
				GCC_OPTIMIZATION_LEVEL = 0;
				GCC_WARN_ABOUT_RETURN_TYPE = YES;
				GCC_WARN_UNUSED_VARIABLE = YES;
				ONLY_ACTIVE_ARCH = NO;
				PREBINDING = NO;
				SDKROOT = macosx10.6;
			};
			name = Debug;
		};
		1DEB91B308733DA50010E9CD /* Release */ = {
			isa = XCBuildConfiguration;
			buildSettings = {
				ARCHS = "$(ARCHS_STANDARD_32_64_BIT)";
				GCC_C_LANGUAGE_STANDARD = gnu99;
				GCC_WARN_ABOUT_RETURN_TYPE = YES;
				GCC_WARN_UNUSED_VARIABLE = YES;
				PREBINDING = NO;
				SDKROOT = macosx10.6;
			};
			name = Release;
		};
/* End XCBuildConfiguration section */

/* Begin XCConfigurationList section */
		1DEB91AD08733DA50010E9CD /* Build configuration list for PBXNativeTarget "Flattr" */ = {
			isa = XCConfigurationList;
			buildConfigurations = (
				1DEB91AE08733DA50010E9CD /* Debug */,
				1DEB91AF08733DA50010E9CD /* Release */,
			);
			defaultConfigurationIsVisible = 0;
			defaultConfigurationName = Release;
		};
		1DEB91B108733DA50010E9CD /* Build configuration list for PBXProject "Flattr" */ = {
			isa = XCConfigurationList;
			buildConfigurations = (
				1DEB91B208733DA50010E9CD /* Debug */,
				1DEB91B308733DA50010E9CD /* Release */,
			);
			defaultConfigurationIsVisible = 0;
			defaultConfigurationName = Release;
		};
/* End XCConfigurationList section */
	};
	rootObject = 0867D690FE84028FC02AAC07 /* Project object */;
}
